// !$*UTF8*$!
{
	archiveVersion = 1;
	classes = {
	};
	objectVersion = 55;
	objects = {

/* Begin PBXBuildFile section */
		581C0EF928B199F800F91321 /* UserRowView.swift in Sources */ = {isa = PBXBuildFile; fileRef = 581C0EF828B199F800F91321 /* UserRowView.swift */; };
		581C0EFF28B21CC700F91321 /* SideMenuView.swift in Sources */ = {isa = PBXBuildFile; fileRef = 581C0EFE28B21CC700F91321 /* SideMenuView.swift */; };
		581C0F0328B21CDE00F91321 /* SideMenuViewModel.swift in Sources */ = {isa = PBXBuildFile; fileRef = 581C0F0228B21CDE00F91321 /* SideMenuViewModel.swift */; };
		581C0F0528B21E2900F91321 /* UserStatsView.swift in Sources */ = {isa = PBXBuildFile; fileRef = 581C0F0428B21E2900F91321 /* UserStatsView.swift */; };
		581C0F0728B226A200F91321 /* SideMenuOptionRowView.swift in Sources */ = {isa = PBXBuildFile; fileRef = 581C0F0628B226A200F91321 /* SideMenuOptionRowView.swift */; };
		581C0F0C28B24F7600F91321 /* NewTweetView.swift in Sources */ = {isa = PBXBuildFile; fileRef = 581C0F0B28B24F7600F91321 /* NewTweetView.swift */; };
		581C0F0E28B2527200F91321 /* TextArea.swift in Sources */ = {isa = PBXBuildFile; fileRef = 581C0F0D28B2527200F91321 /* TextArea.swift */; };
		581C0F1328B255DE00F91321 /* LoginView.swift in Sources */ = {isa = PBXBuildFile; fileRef = 581C0F1228B255DE00F91321 /* LoginView.swift */; };
		581C0F1528B255E500F91321 /* RegistrationView.swift in Sources */ = {isa = PBXBuildFile; fileRef = 581C0F1428B255E500F91321 /* RegistrationView.swift */; };
		581C0F1728B257BB00F91321 /* RoundedShape.swift in Sources */ = {isa = PBXBuildFile; fileRef = 581C0F1628B257BB00F91321 /* RoundedShape.swift */; };
		581C0F1928B25AD200F91321 /* CustomInputField.swift in Sources */ = {isa = PBXBuildFile; fileRef = 581C0F1828B25AD200F91321 /* CustomInputField.swift */; };
		581C0F1E28B25C3500F91321 /* AuthHeaderView.swift in Sources */ = {isa = PBXBuildFile; fileRef = 581C0F1D28B25C3500F91321 /* AuthHeaderView.swift */; };
		581C0F2028B280A700F91321 /* GoogleService-Info.plist in Resources */ = {isa = PBXBuildFile; fileRef = 581C0F1F28B280A700F91321 /* GoogleService-Info.plist */; };
		581C0F2B28B285A200F91321 /* AuthViewModel.swift in Sources */ = {isa = PBXBuildFile; fileRef = 581C0F2A28B285A200F91321 /* AuthViewModel.swift */; };
		581C0F2D28B3670800F91321 /* ProfilePhotoSelectorView.swift in Sources */ = {isa = PBXBuildFile; fileRef = 581C0F2C28B3670800F91321 /* ProfilePhotoSelectorView.swift */; };
		581C0F3028B36CA700F91321 /* ImagePicker.swift in Sources */ = {isa = PBXBuildFile; fileRef = 581C0F2F28B36CA700F91321 /* ImagePicker.swift */; };
		581C0F3228B3AF2200F91321 /* ImageUploader.swift in Sources */ = {isa = PBXBuildFile; fileRef = 581C0F3128B3AF2200F91321 /* ImageUploader.swift */; };
		581C0F3428B3B3D700F91321 /* TwitterApp.swift in Sources */ = {isa = PBXBuildFile; fileRef = 581C0F3328B3B3D700F91321 /* TwitterApp.swift */; };
		581C0F3628BB6C0400F91321 /* UserService.swift in Sources */ = {isa = PBXBuildFile; fileRef = 581C0F3528BB6C0400F91321 /* UserService.swift */; };
		581C0F3828BB6D8F00F91321 /* User.swift in Sources */ = {isa = PBXBuildFile; fileRef = 581C0F3728BB6D8F00F91321 /* User.swift */; };
		586B335928C358C3006A7EF3 /* FirebaseAuth in Frameworks */ = {isa = PBXBuildFile; productRef = 586B335828C358C3006A7EF3 /* FirebaseAuth */; };
		586B335B28C358C3006A7EF3 /* FirebaseFirestore in Frameworks */ = {isa = PBXBuildFile; productRef = 586B335A28C358C3006A7EF3 /* FirebaseFirestore */; };
		586B335D28C358C3006A7EF3 /* FirebaseFirestoreSwift in Frameworks */ = {isa = PBXBuildFile; productRef = 586B335C28C358C3006A7EF3 /* FirebaseFirestoreSwift */; };
		586B335F28C358C3006A7EF3 /* FirebaseStorage in Frameworks */ = {isa = PBXBuildFile; productRef = 586B335E28C358C3006A7EF3 /* FirebaseStorage */; };
		586B336228C358F3006A7EF3 /* Kingfisher in Frameworks */ = {isa = PBXBuildFile; productRef = 586B336128C358F3006A7EF3 /* Kingfisher */; };
		586B336428C35DFD006A7EF3 /* ExploreViewModel.swift in Sources */ = {isa = PBXBuildFile; fileRef = 586B336328C35DFD006A7EF3 /* ExploreViewModel.swift */; };
		586B336628C360E7006A7EF3 /* SearchBar.swift in Sources */ = {isa = PBXBuildFile; fileRef = 586B336528C360E7006A7EF3 /* SearchBar.swift */; };
		586B336828C37B35006A7EF3 /* TweetService.swift in Sources */ = {isa = PBXBuildFile; fileRef = 586B336728C37B35006A7EF3 /* TweetService.swift */; };
		586B336A28C37C66006A7EF3 /* UploadTweetViewModel.swift in Sources */ = {isa = PBXBuildFile; fileRef = 586B336928C37C66006A7EF3 /* UploadTweetViewModel.swift */; };
		586B336C28C38827006A7EF3 /* FeedViewModel.swift in Sources */ = {isa = PBXBuildFile; fileRef = 586B336B28C38827006A7EF3 /* FeedViewModel.swift */; };
		586B336E28C388CD006A7EF3 /* Tweet.swift in Sources */ = {isa = PBXBuildFile; fileRef = 586B336D28C388CD006A7EF3 /* Tweet.swift */; };
		58DE9A9728B0DD4E00CAB78E /* ContentView.swift in Sources */ = {isa = PBXBuildFile; fileRef = 58DE9A9628B0DD4E00CAB78E /* ContentView.swift */; };
		58DE9A9928B0DD4F00CAB78E /* Assets.xcassets in Resources */ = {isa = PBXBuildFile; fileRef = 58DE9A9828B0DD4F00CAB78E /* Assets.xcassets */; };
		58DE9A9C28B0DD4F00CAB78E /* Preview Assets.xcassets in Resources */ = {isa = PBXBuildFile; fileRef = 58DE9A9B28B0DD4F00CAB78E /* Preview Assets.xcassets */; };
		58DE9AAB28B0DDDA00CAB78E /* FeedView.swift in Sources */ = {isa = PBXBuildFile; fileRef = 58DE9AAA28B0DDDA00CAB78E /* FeedView.swift */; };
		58DE9AAE28B0DE4C00CAB78E /* TweetRowView.swift in Sources */ = {isa = PBXBuildFile; fileRef = 58DE9AAD28B0DE4C00CAB78E /* TweetRowView.swift */; };
		58DE9AB128B0E24F00CAB78E /* MainTabView.swift in Sources */ = {isa = PBXBuildFile; fileRef = 58DE9AB028B0E24F00CAB78E /* MainTabView.swift */; };
		58DE9AB728B0FBEF00CAB78E /* ExploreView.swift in Sources */ = {isa = PBXBuildFile; fileRef = 58DE9AB628B0FBEF00CAB78E /* ExploreView.swift */; };
		58DE9AB928B0FC0C00CAB78E /* NotificationsView.swift in Sources */ = {isa = PBXBuildFile; fileRef = 58DE9AB828B0FC0C00CAB78E /* NotificationsView.swift */; };
		58DE9ABB28B0FC1E00CAB78E /* MessagesView.swift in Sources */ = {isa = PBXBuildFile; fileRef = 58DE9ABA28B0FC1E00CAB78E /* MessagesView.swift */; };
		58DE9ABF28B0FCB900CAB78E /* ProfileView.swift in Sources */ = {isa = PBXBuildFile; fileRef = 58DE9ABE28B0FCB900CAB78E /* ProfileView.swift */; };
		58DE9AC128B1007800CAB78E /* TweetFilterViewModel.swift in Sources */ = {isa = PBXBuildFile; fileRef = 58DE9AC028B1007800CAB78E /* TweetFilterViewModel.swift */; };
		58E1147528C8F31A00EFA2C9 /* TweetRowViewModel.swift in Sources */ = {isa = PBXBuildFile; fileRef = 58E1147428C8F31A00EFA2C9 /* TweetRowViewModel.swift */; };
		58FB8A9128C8BC57007B1AD7 /* ProfileViewModel.swift in Sources */ = {isa = PBXBuildFile; fileRef = 58FB8A9028C8BC57007B1AD7 /* ProfileViewModel.swift */; };
/* End PBXBuildFile section */

/* Begin PBXFileReference section */
		581C0EF828B199F800F91321 /* UserRowView.swift */ = {isa = PBXFileReference; lastKnownFileType = sourcecode.swift; path = UserRowView.swift; sourceTree = "<group>"; };
		581C0EFE28B21CC700F91321 /* SideMenuView.swift */ = {isa = PBXFileReference; lastKnownFileType = sourcecode.swift; path = SideMenuView.swift; sourceTree = "<group>"; };
		581C0F0228B21CDE00F91321 /* SideMenuViewModel.swift */ = {isa = PBXFileReference; lastKnownFileType = sourcecode.swift; path = SideMenuViewModel.swift; sourceTree = "<group>"; };
		581C0F0428B21E2900F91321 /* UserStatsView.swift */ = {isa = PBXFileReference; lastKnownFileType = sourcecode.swift; path = UserStatsView.swift; sourceTree = "<group>"; };
		581C0F0628B226A200F91321 /* SideMenuOptionRowView.swift */ = {isa = PBXFileReference; lastKnownFileType = sourcecode.swift; path = SideMenuOptionRowView.swift; sourceTree = "<group>"; };
		581C0F0B28B24F7600F91321 /* NewTweetView.swift */ = {isa = PBXFileReference; lastKnownFileType = sourcecode.swift; path = NewTweetView.swift; sourceTree = "<group>"; };
		581C0F0D28B2527200F91321 /* TextArea.swift */ = {isa = PBXFileReference; lastKnownFileType = sourcecode.swift; path = TextArea.swift; sourceTree = "<group>"; };
		581C0F1228B255DE00F91321 /* LoginView.swift */ = {isa = PBXFileReference; lastKnownFileType = sourcecode.swift; path = LoginView.swift; sourceTree = "<group>"; };
		581C0F1428B255E500F91321 /* RegistrationView.swift */ = {isa = PBXFileReference; lastKnownFileType = sourcecode.swift; path = RegistrationView.swift; sourceTree = "<group>"; };
		581C0F1628B257BB00F91321 /* RoundedShape.swift */ = {isa = PBXFileReference; lastKnownFileType = sourcecode.swift; path = RoundedShape.swift; sourceTree = "<group>"; };
		581C0F1828B25AD200F91321 /* CustomInputField.swift */ = {isa = PBXFileReference; lastKnownFileType = sourcecode.swift; path = CustomInputField.swift; sourceTree = "<group>"; };
		581C0F1D28B25C3500F91321 /* AuthHeaderView.swift */ = {isa = PBXFileReference; lastKnownFileType = sourcecode.swift; path = AuthHeaderView.swift; sourceTree = "<group>"; };
		581C0F1F28B280A700F91321 /* GoogleService-Info.plist */ = {isa = PBXFileReference; lastKnownFileType = text.plist; path = "GoogleService-Info.plist"; sourceTree = SOURCE_ROOT; };
		581C0F2A28B285A200F91321 /* AuthViewModel.swift */ = {isa = PBXFileReference; lastKnownFileType = sourcecode.swift; path = AuthViewModel.swift; sourceTree = "<group>"; };
		581C0F2C28B3670800F91321 /* ProfilePhotoSelectorView.swift */ = {isa = PBXFileReference; lastKnownFileType = sourcecode.swift; path = ProfilePhotoSelectorView.swift; sourceTree = "<group>"; };
		581C0F2F28B36CA700F91321 /* ImagePicker.swift */ = {isa = PBXFileReference; lastKnownFileType = sourcecode.swift; path = ImagePicker.swift; sourceTree = "<group>"; };
		581C0F3128B3AF2200F91321 /* ImageUploader.swift */ = {isa = PBXFileReference; lastKnownFileType = sourcecode.swift; path = ImageUploader.swift; sourceTree = "<group>"; };
		581C0F3328B3B3D700F91321 /* TwitterApp.swift */ = {isa = PBXFileReference; fileEncoding = 4; lastKnownFileType = sourcecode.swift; path = TwitterApp.swift; sourceTree = "<group>"; };
		581C0F3528BB6C0400F91321 /* UserService.swift */ = {isa = PBXFileReference; lastKnownFileType = sourcecode.swift; path = UserService.swift; sourceTree = "<group>"; };
		581C0F3728BB6D8F00F91321 /* User.swift */ = {isa = PBXFileReference; lastKnownFileType = sourcecode.swift; path = User.swift; sourceTree = "<group>"; };
		586B336328C35DFD006A7EF3 /* ExploreViewModel.swift */ = {isa = PBXFileReference; lastKnownFileType = sourcecode.swift; path = ExploreViewModel.swift; sourceTree = "<group>"; };
		586B336528C360E7006A7EF3 /* SearchBar.swift */ = {isa = PBXFileReference; lastKnownFileType = sourcecode.swift; path = SearchBar.swift; sourceTree = "<group>"; };
		586B336728C37B35006A7EF3 /* TweetService.swift */ = {isa = PBXFileReference; lastKnownFileType = sourcecode.swift; path = TweetService.swift; sourceTree = "<group>"; };
		586B336928C37C66006A7EF3 /* UploadTweetViewModel.swift */ = {isa = PBXFileReference; lastKnownFileType = sourcecode.swift; path = UploadTweetViewModel.swift; sourceTree = "<group>"; };
		586B336B28C38827006A7EF3 /* FeedViewModel.swift */ = {isa = PBXFileReference; lastKnownFileType = sourcecode.swift; path = FeedViewModel.swift; sourceTree = "<group>"; };
		586B336D28C388CD006A7EF3 /* Tweet.swift */ = {isa = PBXFileReference; lastKnownFileType = sourcecode.swift; path = Tweet.swift; sourceTree = "<group>"; };
		58DE9A9128B0DD4E00CAB78E /* Twitter.app */ = {isa = PBXFileReference; explicitFileType = wrapper.application; includeInIndex = 0; path = Twitter.app; sourceTree = BUILT_PRODUCTS_DIR; };
		58DE9A9628B0DD4E00CAB78E /* ContentView.swift */ = {isa = PBXFileReference; lastKnownFileType = sourcecode.swift; path = ContentView.swift; sourceTree = "<group>"; };
		58DE9A9828B0DD4F00CAB78E /* Assets.xcassets */ = {isa = PBXFileReference; lastKnownFileType = folder.assetcatalog; path = Assets.xcassets; sourceTree = "<group>"; };
		58DE9A9B28B0DD4F00CAB78E /* Preview Assets.xcassets */ = {isa = PBXFileReference; lastKnownFileType = folder.assetcatalog; path = "Preview Assets.xcassets"; sourceTree = "<group>"; };
		58DE9AAA28B0DDDA00CAB78E /* FeedView.swift */ = {isa = PBXFileReference; lastKnownFileType = sourcecode.swift; path = FeedView.swift; sourceTree = "<group>"; };
		58DE9AAD28B0DE4C00CAB78E /* TweetRowView.swift */ = {isa = PBXFileReference; lastKnownFileType = sourcecode.swift; path = TweetRowView.swift; sourceTree = "<group>"; };
		58DE9AB028B0E24F00CAB78E /* MainTabView.swift */ = {isa = PBXFileReference; lastKnownFileType = sourcecode.swift; path = MainTabView.swift; sourceTree = "<group>"; };
		58DE9AB628B0FBEF00CAB78E /* ExploreView.swift */ = {isa = PBXFileReference; lastKnownFileType = sourcecode.swift; path = ExploreView.swift; sourceTree = "<group>"; };
		58DE9AB828B0FC0C00CAB78E /* NotificationsView.swift */ = {isa = PBXFileReference; lastKnownFileType = sourcecode.swift; path = NotificationsView.swift; sourceTree = "<group>"; };
		58DE9ABA28B0FC1E00CAB78E /* MessagesView.swift */ = {isa = PBXFileReference; lastKnownFileType = sourcecode.swift; path = MessagesView.swift; sourceTree = "<group>"; };
		58DE9ABE28B0FCB900CAB78E /* ProfileView.swift */ = {isa = PBXFileReference; lastKnownFileType = sourcecode.swift; path = ProfileView.swift; sourceTree = "<group>"; };
		58DE9AC028B1007800CAB78E /* TweetFilterViewModel.swift */ = {isa = PBXFileReference; lastKnownFileType = sourcecode.swift; path = TweetFilterViewModel.swift; sourceTree = "<group>"; };
		58E1147428C8F31A00EFA2C9 /* TweetRowViewModel.swift */ = {isa = PBXFileReference; lastKnownFileType = sourcecode.swift; path = TweetRowViewModel.swift; sourceTree = "<group>"; };
		58FB8A9028C8BC57007B1AD7 /* ProfileViewModel.swift */ = {isa = PBXFileReference; lastKnownFileType = sourcecode.swift; path = ProfileViewModel.swift; sourceTree = "<group>"; };
/* End PBXFileReference section */

/* Begin PBXFrameworksBuildPhase section */
		58DE9A8E28B0DD4E00CAB78E /* Frameworks */ = {
			isa = PBXFrameworksBuildPhase;
			buildActionMask = 2147483647;
			files = (
				586B335928C358C3006A7EF3 /* FirebaseAuth in Frameworks */,
				586B335F28C358C3006A7EF3 /* FirebaseStorage in Frameworks */,
				586B335B28C358C3006A7EF3 /* FirebaseFirestore in Frameworks */,
				586B335D28C358C3006A7EF3 /* FirebaseFirestoreSwift in Frameworks */,
				586B336228C358F3006A7EF3 /* Kingfisher in Frameworks */,
			);
			runOnlyForDeploymentPostprocessing = 0;
		};
/* End PBXFrameworksBuildPhase section */

/* Begin PBXGroup section */
		581C0EF528B199CC00F91321 /* Views */ = {
			isa = PBXGroup;
			children = (
				58DE9AB628B0FBEF00CAB78E /* ExploreView.swift */,
			);
			path = Views;
			sourceTree = "<group>";
		};
		581C0EF628B199CE00F91321 /* ViewModels */ = {
			isa = PBXGroup;
			children = (
				586B336328C35DFD006A7EF3 /* ExploreViewModel.swift */,
			);
			path = ViewModels;
			sourceTree = "<group>";
		};
		581C0EF728B199E800F91321 /* Users */ = {
			isa = PBXGroup;
			children = (
				581C0EF828B199F800F91321 /* UserRowView.swift */,
				581C0F0428B21E2900F91321 /* UserStatsView.swift */,
			);
			path = Users;
			sourceTree = "<group>";
		};
		581C0EFA28B21CA700F91321 /* SideMenu */ = {
			isa = PBXGroup;
			children = (
				581C0EFD28B21CBD00F91321 /* ViewModels */,
				581C0EFB28B21CB800F91321 /* Views */,
			);
			path = SideMenu;
			sourceTree = "<group>";
		};
		581C0EFB28B21CB800F91321 /* Views */ = {
			isa = PBXGroup;
			children = (
				581C0EFE28B21CC700F91321 /* SideMenuView.swift */,
				581C0F0628B226A200F91321 /* SideMenuOptionRowView.swift */,
			);
			path = Views;
			sourceTree = "<group>";
		};
		581C0EFD28B21CBD00F91321 /* ViewModels */ = {
			isa = PBXGroup;
			children = (
				581C0F0228B21CDE00F91321 /* SideMenuViewModel.swift */,
			);
			path = ViewModels;
			sourceTree = "<group>";
		};
		581C0F0828B24F5500F91321 /* UploadTweet */ = {
			isa = PBXGroup;
			children = (
				581C0F0928B24F6400F91321 /* ViewModels */,
				581C0F0A28B24F6B00F91321 /* Views */,
			);
			path = UploadTweet;
			sourceTree = "<group>";
		};
		581C0F0928B24F6400F91321 /* ViewModels */ = {
			isa = PBXGroup;
			children = (
				586B336928C37C66006A7EF3 /* UploadTweetViewModel.swift */,
			);
			path = ViewModels;
			sourceTree = "<group>";
		};
		581C0F0A28B24F6B00F91321 /* Views */ = {
			isa = PBXGroup;
			children = (
				581C0F0B28B24F7600F91321 /* NewTweetView.swift */,
			);
			path = Views;
			sourceTree = "<group>";
		};
		581C0F0F28B255C200F91321 /* Authetication */ = {
			isa = PBXGroup;
			children = (
				581C0F1028B255D000F91321 /* ViewModels */,
				581C0F1128B255D500F91321 /* Views */,
			);
			path = Authetication;
			sourceTree = "<group>";
		};
		581C0F1028B255D000F91321 /* ViewModels */ = {
			isa = PBXGroup;
			children = (
				581C0F2A28B285A200F91321 /* AuthViewModel.swift */,
			);
			path = ViewModels;
			sourceTree = "<group>";
		};
		581C0F1128B255D500F91321 /* Views */ = {
			isa = PBXGroup;
			children = (
				581C0F1228B255DE00F91321 /* LoginView.swift */,
				581C0F1428B255E500F91321 /* RegistrationView.swift */,
				581C0F2C28B3670800F91321 /* ProfilePhotoSelectorView.swift */,
			);
			path = Views;
			sourceTree = "<group>";
		};
		581C0F1A28B25C0800F91321 /* Authentication */ = {
			isa = PBXGroup;
			children = (
				581C0F1D28B25C3500F91321 /* AuthHeaderView.swift */,
			);
			path = Authentication;
			sourceTree = "<group>";
		};
		581C0F2E28B36C9100F91321 /* Utils */ = {
			isa = PBXGroup;
			children = (
				581C0F2F28B36CA700F91321 /* ImagePicker.swift */,
			);
			path = Utils;
			sourceTree = "<group>";
		};
		58DE9A8828B0DD4E00CAB78E = {
			isa = PBXGroup;
			children = (
				58DE9A9328B0DD4E00CAB78E /* Twitter */,
				58DE9A9228B0DD4E00CAB78E /* Products */,
			);
			sourceTree = "<group>";
		};
		58DE9A9228B0DD4E00CAB78E /* Products */ = {
			isa = PBXGroup;
			children = (
				58DE9A9128B0DD4E00CAB78E /* Twitter.app */,
			);
			name = Products;
			sourceTree = "<group>";
		};
		58DE9A9328B0DD4E00CAB78E /* Twitter */ = {
			isa = PBXGroup;
			children = (
				581C0F2E28B36C9100F91321 /* Utils */,
				58DE9AA228B0DD6F00CAB78E /* Extensions */,
				58DE9AA328B0DD6F00CAB78E /* Model */,
				58DE9AA428B0DD6F00CAB78E /* Service */,
				58DE9AA528B0DD6F00CAB78E /* Core */,
				581C0F3328B3B3D700F91321 /* TwitterApp.swift */,
				58DE9A9628B0DD4E00CAB78E /* ContentView.swift */,
				58DE9A9828B0DD4F00CAB78E /* Assets.xcassets */,
				581C0F1F28B280A700F91321 /* GoogleService-Info.plist */,
				58DE9A9A28B0DD4F00CAB78E /* Preview Content */,
			);
			path = Twitter;
			sourceTree = "<group>";
		};
		58DE9A9A28B0DD4F00CAB78E /* Preview Content */ = {
			isa = PBXGroup;
			children = (
				58DE9A9B28B0DD4F00CAB78E /* Preview Assets.xcassets */,
			);
			path = "Preview Content";
			sourceTree = "<group>";
		};
		58DE9AA228B0DD6F00CAB78E /* Extensions */ = {
			isa = PBXGroup;
			children = (
			);
			path = Extensions;
			sourceTree = "<group>";
		};
		58DE9AA328B0DD6F00CAB78E /* Model */ = {
			isa = PBXGroup;
			children = (
				581C0F3728BB6D8F00F91321 /* User.swift */,
				586B336D28C388CD006A7EF3 /* Tweet.swift */,
			);
			path = Model;
			sourceTree = "<group>";
		};
		58DE9AA428B0DD6F00CAB78E /* Service */ = {
			isa = PBXGroup;
			children = (
				581C0F3128B3AF2200F91321 /* ImageUploader.swift */,
				581C0F3528BB6C0400F91321 /* UserService.swift */,
				586B336728C37B35006A7EF3 /* TweetService.swift */,
			);
			path = Service;
			sourceTree = "<group>";
		};
		58DE9AA528B0DD6F00CAB78E /* Core */ = {
			isa = PBXGroup;
			children = (
				58DE9AA628B0DDA600CAB78E /* Components */,
				581C0F0F28B255C200F91321 /* Authetication */,
				581C0F0828B24F5500F91321 /* UploadTweet */,
				581C0EFA28B21CA700F91321 /* SideMenu */,
				58DE9AB528B0FBDA00CAB78E /* Profile */,
				58DE9AB228B0FBA700CAB78E /* Explore */,
				58DE9AB328B0FBA900CAB78E /* Notifications */,
				58DE9AB428B0FBAA00CAB78E /* Messages */,
				58DE9AAF28B0E24400CAB78E /* MainTab */,
				58DE9AA728B0DDAC00CAB78E /* Feed */,
			);
			path = Core;
			sourceTree = "<group>";
		};
		58DE9AA628B0DDA600CAB78E /* Components */ = {
			isa = PBXGroup;
			children = (
				581C0F1A28B25C0800F91321 /* Authentication */,
				581C0EF728B199E800F91321 /* Users */,
				58DE9AAC28B0DE4300CAB78E /* Tweets */,
				581C0F0D28B2527200F91321 /* TextArea.swift */,
				581C0F1628B257BB00F91321 /* RoundedShape.swift */,
				581C0F1828B25AD200F91321 /* CustomInputField.swift */,
				586B336528C360E7006A7EF3 /* SearchBar.swift */,
			);
			path = Components;
			sourceTree = "<group>";
		};
		58DE9AA728B0DDAC00CAB78E /* Feed */ = {
			isa = PBXGroup;
			children = (
				58DE9AA828B0DDC900CAB78E /* ViewModels */,
				58DE9AA928B0DDCF00CAB78E /* Views */,
			);
			path = Feed;
			sourceTree = "<group>";
		};
		58DE9AA828B0DDC900CAB78E /* ViewModels */ = {
			isa = PBXGroup;
			children = (
				586B336B28C38827006A7EF3 /* FeedViewModel.swift */,
			);
			path = ViewModels;
			sourceTree = "<group>";
		};
		58DE9AA928B0DDCF00CAB78E /* Views */ = {
			isa = PBXGroup;
			children = (
				58DE9AAA28B0DDDA00CAB78E /* FeedView.swift */,
			);
			path = Views;
			sourceTree = "<group>";
		};
		58DE9AAC28B0DE4300CAB78E /* Tweets */ = {
			isa = PBXGroup;
			children = (
				58E1147028C8F2E300EFA2C9 /* ViewModel */,
				58E1147328C8F30300EFA2C9 /* Views */,
			);
			path = Tweets;
			sourceTree = "<group>";
		};
		58DE9AAF28B0E24400CAB78E /* MainTab */ = {
			isa = PBXGroup;
			children = (
				58DE9AB028B0E24F00CAB78E /* MainTabView.swift */,
			);
			path = MainTab;
			sourceTree = "<group>";
		};
		58DE9AB228B0FBA700CAB78E /* Explore */ = {
			isa = PBXGroup;
			children = (
				581C0EF628B199CE00F91321 /* ViewModels */,
				581C0EF528B199CC00F91321 /* Views */,
			);
			path = Explore;
			sourceTree = "<group>";
		};
		58DE9AB328B0FBA900CAB78E /* Notifications */ = {
			isa = PBXGroup;
			children = (
				58DE9AB828B0FC0C00CAB78E /* NotificationsView.swift */,
			);
			path = Notifications;
			sourceTree = "<group>";
		};
		58DE9AB428B0FBAA00CAB78E /* Messages */ = {
			isa = PBXGroup;
			children = (
				58DE9ABA28B0FC1E00CAB78E /* MessagesView.swift */,
			);
			path = Messages;
			sourceTree = "<group>";
		};
		58DE9AB528B0FBDA00CAB78E /* Profile */ = {
			isa = PBXGroup;
			children = (
				58DE9ABD28B0FCAB00CAB78E /* ViewModels */,
				58DE9ABC28B0FCAA00CAB78E /* Views */,
			);
			path = Profile;
			sourceTree = "<group>";
		};
		58DE9ABC28B0FCAA00CAB78E /* Views */ = {
			isa = PBXGroup;
			children = (
				58DE9ABE28B0FCB900CAB78E /* ProfileView.swift */,
			);
			path = Views;
			sourceTree = "<group>";
		};
		58DE9ABD28B0FCAB00CAB78E /* ViewModels */ = {
			isa = PBXGroup;
			children = (
				58DE9AC028B1007800CAB78E /* TweetFilterViewModel.swift */,
				58FB8A9028C8BC57007B1AD7 /* ProfileViewModel.swift */,
			);
			path = ViewModels;
			sourceTree = "<group>";
		};
		58E1147028C8F2E300EFA2C9 /* ViewModel */ = {
			isa = PBXGroup;
			children = (
				58E1147428C8F31A00EFA2C9 /* TweetRowViewModel.swift */,
			);
			path = ViewModel;
			sourceTree = "<group>";
		};
		58E1147328C8F30300EFA2C9 /* Views */ = {
			isa = PBXGroup;
			children = (
				58DE9AAD28B0DE4C00CAB78E /* TweetRowView.swift */,
			);
			path = Views;
			sourceTree = "<group>";
		};
/* End PBXGroup section */

/* Begin PBXNativeTarget section */
		58DE9A9028B0DD4E00CAB78E /* Twitter */ = {
			isa = PBXNativeTarget;
			buildConfigurationList = 58DE9A9F28B0DD4F00CAB78E /* Build configuration list for PBXNativeTarget "Twitter" */;
			buildPhases = (
				58DE9A8D28B0DD4E00CAB78E /* Sources */,
				58DE9A8E28B0DD4E00CAB78E /* Frameworks */,
				58DE9A8F28B0DD4E00CAB78E /* Resources */,
			);
			buildRules = (
			);
			dependencies = (
			);
			name = Twitter;
			packageProductDependencies = (
				586B335828C358C3006A7EF3 /* FirebaseAuth */,
				586B335A28C358C3006A7EF3 /* FirebaseFirestore */,
				586B335C28C358C3006A7EF3 /* FirebaseFirestoreSwift */,
				586B335E28C358C3006A7EF3 /* FirebaseStorage */,
				586B336128C358F3006A7EF3 /* Kingfisher */,
			);
			productName = Twitter;
			productReference = 58DE9A9128B0DD4E00CAB78E /* Twitter.app */;
			productType = "com.apple.product-type.application";
		};
/* End PBXNativeTarget section */

/* Begin PBXProject section */
		58DE9A8928B0DD4E00CAB78E /* Project object */ = {
			isa = PBXProject;
			attributes = {
				BuildIndependentTargetsInParallel = 1;
				LastSwiftUpdateCheck = 1340;
				LastUpgradeCheck = 1340;
				TargetAttributes = {
					58DE9A9028B0DD4E00CAB78E = {
						CreatedOnToolsVersion = 13.4;
					};
				};
			};
			buildConfigurationList = 58DE9A8C28B0DD4E00CAB78E /* Build configuration list for PBXProject "Twitter" */;
			compatibilityVersion = "Xcode 13.0";
			developmentRegion = en;
			hasScannedForEncodings = 0;
			knownRegions = (
				en,
				Base,
			);
			mainGroup = 58DE9A8828B0DD4E00CAB78E;
			packageReferences = (
				586B335728C358C3006A7EF3 /* XCRemoteSwiftPackageReference "firebase-ios-sdk" */,
				586B336028C358F3006A7EF3 /* XCRemoteSwiftPackageReference "Kingfisher" */,
			);
			productRefGroup = 58DE9A9228B0DD4E00CAB78E /* Products */;
			projectDirPath = "";
			projectRoot = "";
			targets = (
				58DE9A9028B0DD4E00CAB78E /* Twitter */,
			);
		};
/* End PBXProject section */

/* Begin PBXResourcesBuildPhase section */
		58DE9A8F28B0DD4E00CAB78E /* Resources */ = {
			isa = PBXResourcesBuildPhase;
			buildActionMask = 2147483647;
			files = (
				58DE9A9C28B0DD4F00CAB78E /* Preview Assets.xcassets in Resources */,
				58DE9A9928B0DD4F00CAB78E /* Assets.xcassets in Resources */,
				581C0F2028B280A700F91321 /* GoogleService-Info.plist in Resources */,
			);
			runOnlyForDeploymentPostprocessing = 0;
		};
/* End PBXResourcesBuildPhase section */

/* Begin PBXSourcesBuildPhase section */
		58DE9A8D28B0DD4E00CAB78E /* Sources */ = {
			isa = PBXSourcesBuildPhase;
			buildActionMask = 2147483647;
			files = (
				58DE9ABB28B0FC1E00CAB78E /* MessagesView.swift in Sources */,
				58DE9ABF28B0FCB900CAB78E /* ProfileView.swift in Sources */,
				581C0F3628BB6C0400F91321 /* UserService.swift in Sources */,
				581C0F3028B36CA700F91321 /* ImagePicker.swift in Sources */,
				58DE9A9728B0DD4E00CAB78E /* ContentView.swift in Sources */,
				586B336E28C388CD006A7EF3 /* Tweet.swift in Sources */,
				586B336C28C38827006A7EF3 /* FeedViewModel.swift in Sources */,
				581C0F1E28B25C3500F91321 /* AuthHeaderView.swift in Sources */,
				581C0F3228B3AF2200F91321 /* ImageUploader.swift in Sources */,
				58DE9AAE28B0DE4C00CAB78E /* TweetRowView.swift in Sources */,
				581C0F1928B25AD200F91321 /* CustomInputField.swift in Sources */,
				58DE9AC128B1007800CAB78E /* TweetFilterViewModel.swift in Sources */,
				58DE9AAB28B0DDDA00CAB78E /* FeedView.swift in Sources */,
				581C0F2D28B3670800F91321 /* ProfilePhotoSelectorView.swift in Sources */,
				586B336428C35DFD006A7EF3 /* ExploreViewModel.swift in Sources */,
				581C0EFF28B21CC700F91321 /* SideMenuView.swift in Sources */,
				581C0F0528B21E2900F91321 /* UserStatsView.swift in Sources */,
				586B336A28C37C66006A7EF3 /* UploadTweetViewModel.swift in Sources */,
				586B336828C37B35006A7EF3 /* TweetService.swift in Sources */,
				58E1147528C8F31A00EFA2C9 /* TweetRowViewModel.swift in Sources */,
				58DE9AB728B0FBEF00CAB78E /* ExploreView.swift in Sources */,
				581C0F0E28B2527200F91321 /* TextArea.swift in Sources */,
				586B336628C360E7006A7EF3 /* SearchBar.swift in Sources */,
				581C0F0728B226A200F91321 /* SideMenuOptionRowView.swift in Sources */,
				581C0F1328B255DE00F91321 /* LoginView.swift in Sources */,
				581C0F1528B255E500F91321 /* RegistrationView.swift in Sources */,
				581C0F0C28B24F7600F91321 /* NewTweetView.swift in Sources */,
				581C0F3828BB6D8F00F91321 /* User.swift in Sources */,
				581C0F2B28B285A200F91321 /* AuthViewModel.swift in Sources */,
				581C0F1728B257BB00F91321 /* RoundedShape.swift in Sources */,
				581C0F0328B21CDE00F91321 /* SideMenuViewModel.swift in Sources */,
				581C0EF928B199F800F91321 /* UserRowView.swift in Sources */,
				58DE9AB128B0E24F00CAB78E /* MainTabView.swift in Sources */,
				58DE9AB928B0FC0C00CAB78E /* NotificationsView.swift in Sources */,
				581C0F3428B3B3D700F91321 /* TwitterApp.swift in Sources */,
				58FB8A9128C8BC57007B1AD7 /* ProfileViewModel.swift in Sources */,
			);
			runOnlyForDeploymentPostprocessing = 0;
		};
/* End PBXSourcesBuildPhase section */

/* Begin XCBuildConfiguration section */
		58DE9A9D28B0DD4F00CAB78E /* Debug */ = {
			isa = XCBuildConfiguration;
			buildSettings = {
				ALWAYS_SEARCH_USER_PATHS = NO;
				CLANG_ANALYZER_NONNULL = YES;
				CLANG_ANALYZER_NUMBER_OBJECT_CONVERSION = YES_AGGRESSIVE;
				CLANG_CXX_LANGUAGE_STANDARD = "gnu++17";
				CLANG_ENABLE_MODULES = YES;
				CLANG_ENABLE_OBJC_ARC = YES;
				CLANG_ENABLE_OBJC_WEAK = YES;
				CLANG_WARN_BLOCK_CAPTURE_AUTORELEASING = YES;
				CLANG_WARN_BOOL_CONVERSION = YES;
				CLANG_WARN_COMMA = YES;
				CLANG_WARN_CONSTANT_CONVERSION = YES;
				CLANG_WARN_DEPRECATED_OBJC_IMPLEMENTATIONS = YES;
				CLANG_WARN_DIRECT_OBJC_ISA_USAGE = YES_ERROR;
				CLANG_WARN_DOCUMENTATION_COMMENTS = YES;
				CLANG_WARN_EMPTY_BODY = YES;
				CLANG_WARN_ENUM_CONVERSION = YES;
				CLANG_WARN_INFINITE_RECURSION = YES;
				CLANG_WARN_INT_CONVERSION = YES;
				CLANG_WARN_NON_LITERAL_NULL_CONVERSION = YES;
				CLANG_WARN_OBJC_IMPLICIT_RETAIN_SELF = YES;
				CLANG_WARN_OBJC_LITERAL_CONVERSION = YES;
				CLANG_WARN_OBJC_ROOT_CLASS = YES_ERROR;
				CLANG_WARN_QUOTED_INCLUDE_IN_FRAMEWORK_HEADER = YES;
				CLANG_WARN_RANGE_LOOP_ANALYSIS = YES;
				CLANG_WARN_STRICT_PROTOTYPES = YES;
				CLANG_WARN_SUSPICIOUS_MOVE = YES;
				CLANG_WARN_UNGUARDED_AVAILABILITY = YES_AGGRESSIVE;
				CLANG_WARN_UNREACHABLE_CODE = YES;
				CLANG_WARN__DUPLICATE_METHOD_MATCH = YES;
				COPY_PHASE_STRIP = NO;
				DEBUG_INFORMATION_FORMAT = dwarf;
				ENABLE_STRICT_OBJC_MSGSEND = YES;
				ENABLE_TESTABILITY = YES;
				GCC_C_LANGUAGE_STANDARD = gnu11;
				GCC_DYNAMIC_NO_PIC = NO;
				GCC_NO_COMMON_BLOCKS = YES;
				GCC_OPTIMIZATION_LEVEL = 0;
				GCC_PREPROCESSOR_DEFINITIONS = (
					"DEBUG=1",
					"$(inherited)",
				);
				GCC_WARN_64_TO_32_BIT_CONVERSION = YES;
				GCC_WARN_ABOUT_RETURN_TYPE = YES_ERROR;
				GCC_WARN_UNDECLARED_SELECTOR = YES;
				GCC_WARN_UNINITIALIZED_AUTOS = YES_AGGRESSIVE;
				GCC_WARN_UNUSED_FUNCTION = YES;
				GCC_WARN_UNUSED_VARIABLE = YES;
				IPHONEOS_DEPLOYMENT_TARGET = 15.5;
				MTL_ENABLE_DEBUG_INFO = INCLUDE_SOURCE;
				MTL_FAST_MATH = YES;
				ONLY_ACTIVE_ARCH = YES;
				SDKROOT = iphoneos;
				SWIFT_ACTIVE_COMPILATION_CONDITIONS = DEBUG;
				SWIFT_OPTIMIZATION_LEVEL = "-Onone";
			};
			name = Debug;
		};
		58DE9A9E28B0DD4F00CAB78E /* Release */ = {
			isa = XCBuildConfiguration;
			buildSettings = {
				ALWAYS_SEARCH_USER_PATHS = NO;
				CLANG_ANALYZER_NONNULL = YES;
				CLANG_ANALYZER_NUMBER_OBJECT_CONVERSION = YES_AGGRESSIVE;
				CLANG_CXX_LANGUAGE_STANDARD = "gnu++17";
				CLANG_ENABLE_MODULES = YES;
				CLANG_ENABLE_OBJC_ARC = YES;
				CLANG_ENABLE_OBJC_WEAK = YES;
				CLANG_WARN_BLOCK_CAPTURE_AUTORELEASING = YES;
				CLANG_WARN_BOOL_CONVERSION = YES;
				CLANG_WARN_COMMA = YES;
				CLANG_WARN_CONSTANT_CONVERSION = YES;
				CLANG_WARN_DEPRECATED_OBJC_IMPLEMENTATIONS = YES;
				CLANG_WARN_DIRECT_OBJC_ISA_USAGE = YES_ERROR;
				CLANG_WARN_DOCUMENTATION_COMMENTS = YES;
				CLANG_WARN_EMPTY_BODY = YES;
				CLANG_WARN_ENUM_CONVERSION = YES;
				CLANG_WARN_INFINITE_RECURSION = YES;
				CLANG_WARN_INT_CONVERSION = YES;
				CLANG_WARN_NON_LITERAL_NULL_CONVERSION = YES;
				CLANG_WARN_OBJC_IMPLICIT_RETAIN_SELF = YES;
				CLANG_WARN_OBJC_LITERAL_CONVERSION = YES;
				CLANG_WARN_OBJC_ROOT_CLASS = YES_ERROR;
				CLANG_WARN_QUOTED_INCLUDE_IN_FRAMEWORK_HEADER = YES;
				CLANG_WARN_RANGE_LOOP_ANALYSIS = YES;
				CLANG_WARN_STRICT_PROTOTYPES = YES;
				CLANG_WARN_SUSPICIOUS_MOVE = YES;
				CLANG_WARN_UNGUARDED_AVAILABILITY = YES_AGGRESSIVE;
				CLANG_WARN_UNREACHABLE_CODE = YES;
				CLANG_WARN__DUPLICATE_METHOD_MATCH = YES;
				COPY_PHASE_STRIP = NO;
				DEBUG_INFORMATION_FORMAT = "dwarf-with-dsym";
				ENABLE_NS_ASSERTIONS = NO;
				ENABLE_STRICT_OBJC_MSGSEND = YES;
				GCC_C_LANGUAGE_STANDARD = gnu11;
				GCC_NO_COMMON_BLOCKS = YES;
				GCC_WARN_64_TO_32_BIT_CONVERSION = YES;
				GCC_WARN_ABOUT_RETURN_TYPE = YES_ERROR;
				GCC_WARN_UNDECLARED_SELECTOR = YES;
				GCC_WARN_UNINITIALIZED_AUTOS = YES_AGGRESSIVE;
				GCC_WARN_UNUSED_FUNCTION = YES;
				GCC_WARN_UNUSED_VARIABLE = YES;
				IPHONEOS_DEPLOYMENT_TARGET = 15.5;
				MTL_ENABLE_DEBUG_INFO = NO;
				MTL_FAST_MATH = YES;
				SDKROOT = iphoneos;
				SWIFT_COMPILATION_MODE = wholemodule;
				SWIFT_OPTIMIZATION_LEVEL = "-O";
				VALIDATE_PRODUCT = YES;
			};
			name = Release;
		};
		58DE9AA028B0DD4F00CAB78E /* Debug */ = {
			isa = XCBuildConfiguration;
			buildSettings = {
				ASSETCATALOG_COMPILER_APPICON_NAME = AppIcon;
				ASSETCATALOG_COMPILER_GLOBAL_ACCENT_COLOR_NAME = AccentColor;
				CODE_SIGN_STYLE = Automatic;
				CURRENT_PROJECT_VERSION = 1;
				DEVELOPMENT_ASSET_PATHS = "\"Twitter/Preview Content\"";
				DEVELOPMENT_TEAM = FYQZLQ757N;
				ENABLE_PREVIEWS = YES;
				GENERATE_INFOPLIST_FILE = YES;
				INFOPLIST_KEY_UIApplicationSceneManifest_Generation = YES;
				INFOPLIST_KEY_UIApplicationSupportsIndirectInputEvents = YES;
				INFOPLIST_KEY_UILaunchScreen_Generation = YES;
				INFOPLIST_KEY_UISupportedInterfaceOrientations_iPad = "UIInterfaceOrientationPortrait UIInterfaceOrientationPortraitUpsideDown UIInterfaceOrientationLandscapeLeft UIInterfaceOrientationLandscapeRight";
				INFOPLIST_KEY_UISupportedInterfaceOrientations_iPhone = "UIInterfaceOrientationPortrait UIInterfaceOrientationLandscapeLeft UIInterfaceOrientationLandscapeRight";
				LD_RUNPATH_SEARCH_PATHS = (
					"$(inherited)",
					"@executable_path/Frameworks",
				);
				MARKETING_VERSION = 1.0;
				PRODUCT_BUNDLE_IDENTIFIER = com.nurluyolerislam.Twitter;
				PRODUCT_NAME = "$(TARGET_NAME)";
				SWIFT_EMIT_LOC_STRINGS = YES;
				SWIFT_VERSION = 5.0;
				TARGETED_DEVICE_FAMILY = "1,2";
			};
			name = Debug;
		};
		58DE9AA128B0DD4F00CAB78E /* Release */ = {
			isa = XCBuildConfiguration;
			buildSettings = {
				ASSETCATALOG_COMPILER_APPICON_NAME = AppIcon;
				ASSETCATALOG_COMPILER_GLOBAL_ACCENT_COLOR_NAME = AccentColor;
				CODE_SIGN_STYLE = Automatic;
				CURRENT_PROJECT_VERSION = 1;
				DEVELOPMENT_ASSET_PATHS = "\"Twitter/Preview Content\"";
				DEVELOPMENT_TEAM = FYQZLQ757N;
				ENABLE_PREVIEWS = YES;
				GENERATE_INFOPLIST_FILE = YES;
				INFOPLIST_KEY_UIApplicationSceneManifest_Generation = YES;
				INFOPLIST_KEY_UIApplicationSupportsIndirectInputEvents = YES;
				INFOPLIST_KEY_UILaunchScreen_Generation = YES;
				INFOPLIST_KEY_UISupportedInterfaceOrientations_iPad = "UIInterfaceOrientationPortrait UIInterfaceOrientationPortraitUpsideDown UIInterfaceOrientationLandscapeLeft UIInterfaceOrientationLandscapeRight";
				INFOPLIST_KEY_UISupportedInterfaceOrientations_iPhone = "UIInterfaceOrientationPortrait UIInterfaceOrientationLandscapeLeft UIInterfaceOrientationLandscapeRight";
				LD_RUNPATH_SEARCH_PATHS = (
					"$(inherited)",
					"@executable_path/Frameworks",
				);
				MARKETING_VERSION = 1.0;
				PRODUCT_BUNDLE_IDENTIFIER = com.nurluyolerislam.Twitter;
				PRODUCT_NAME = "$(TARGET_NAME)";
				SWIFT_EMIT_LOC_STRINGS = YES;
				SWIFT_VERSION = 5.0;
				TARGETED_DEVICE_FAMILY = "1,2";
			};
			name = Release;
		};
/* End XCBuildConfiguration section */

/* Begin XCConfigurationList section */
		58DE9A8C28B0DD4E00CAB78E /* Build configuration list for PBXProject "Twitter" */ = {
			isa = XCConfigurationList;
			buildConfigurations = (
				58DE9A9D28B0DD4F00CAB78E /* Debug */,
				58DE9A9E28B0DD4F00CAB78E /* Release */,
			);
			defaultConfigurationIsVisible = 0;
			defaultConfigurationName = Release;
		};
		58DE9A9F28B0DD4F00CAB78E /* Build configuration list for PBXNativeTarget "Twitter" */ = {
			isa = XCConfigurationList;
			buildConfigurations = (
				58DE9AA028B0DD4F00CAB78E /* Debug */,
				58DE9AA128B0DD4F00CAB78E /* Release */,
			);
			defaultConfigurationIsVisible = 0;
			defaultConfigurationName = Release;
		};
/* End XCConfigurationList section */

/* Begin XCRemoteSwiftPackageReference section */
		586B335728C358C3006A7EF3 /* XCRemoteSwiftPackageReference "firebase-ios-sdk" */ = {
			isa = XCRemoteSwiftPackageReference;
			repositoryURL = "https://github.com/firebase/firebase-ios-sdk/";
			requirement = {
				branch = master;
				kind = branch;
			};
		};
		586B336028C358F3006A7EF3 /* XCRemoteSwiftPackageReference "Kingfisher" */ = {
			isa = XCRemoteSwiftPackageReference;
			repositoryURL = "https://github.com/onevcat/Kingfisher";
			requirement = {
				branch = master;
				kind = branch;
			};
		};
/* End XCRemoteSwiftPackageReference section */

/* Begin XCSwiftPackageProductDependency section */
		586B335828C358C3006A7EF3 /* FirebaseAuth */ = {
			isa = XCSwiftPackageProductDependency;
			package = 586B335728C358C3006A7EF3 /* XCRemoteSwiftPackageReference "firebase-ios-sdk" */;
			productName = FirebaseAuth;
		};
		586B335A28C358C3006A7EF3 /* FirebaseFirestore */ = {
			isa = XCSwiftPackageProductDependency;
			package = 586B335728C358C3006A7EF3 /* XCRemoteSwiftPackageReference "firebase-ios-sdk" */;
			productName = FirebaseFirestore;
		};
		586B335C28C358C3006A7EF3 /* FirebaseFirestoreSwift */ = {
			isa = XCSwiftPackageProductDependency;
			package = 586B335728C358C3006A7EF3 /* XCRemoteSwiftPackageReference "firebase-ios-sdk" */;
			productName = FirebaseFirestoreSwift;
		};
		586B335E28C358C3006A7EF3 /* FirebaseStorage */ = {
			isa = XCSwiftPackageProductDependency;
			package = 586B335728C358C3006A7EF3 /* XCRemoteSwiftPackageReference "firebase-ios-sdk" */;
			productName = FirebaseStorage;
		};
		586B336128C358F3006A7EF3 /* Kingfisher */ = {
			isa = XCSwiftPackageProductDependency;
			package = 586B336028C358F3006A7EF3 /* XCRemoteSwiftPackageReference "Kingfisher" */;
			productName = Kingfisher;
		};
/* End XCSwiftPackageProductDependency section */
	};
	rootObject = 58DE9A8928B0DD4E00CAB78E /* Project object */;
}
